
Microsoft Visual Studio Solution File, Format Version 12.00
# Visual Studio Version 17
VisualStudioVersion = 17.9.34902.65
MinimumVisualStudioVersion = 10.0.40219.1
Project("{9A19103F-16F7-4668-BE54-9A1E7A4F7556}") = "Application", "Application\Application.csproj", "{96003473-C755-4248-AECD-2ACDFD072166}"
EndProject
Project("{9A19103F-16F7-4668-BE54-9A1E7A4F7556}") = "Repository", "Repository\Repository.csproj", "{42B7F085-4317-4FC0-BEDB-E4C5C7BB8E14}"
EndProject
Project("{9A19103F-16F7-4668-BE54-9A1E7A4F7556}") = "API", "API\API.csproj", "{E86D5AB1-A549-40A9-AA87-186953466635}"
	ProjectSection(ProjectDependencies) = postProject
		{96003473-C755-4248-AECD-2ACDFD072166} = {96003473-C755-4248-AECD-2ACDFD072166}
	EndProjectSection
EndProject
Global
	GlobalSection(SolutionConfigurationPlatforms) = preSolution
		Debug|Any CPU = Debug|Any CPU
		Release|Any CPU = Release|Any CPU
	EndGlobalSection
	GlobalSection(ProjectConfigurationPlatforms) = postSolution
		{96003473-C755-4248-AECD-2ACDFD072166}.Debug|Any CPU.ActiveCfg = Debug|Any CPU
		{96003473-C755-4248-AECD-2ACDFD072166}.Debug|Any CPU.Build.0 = Debug|Any CPU
		{96003473-C755-4248-AECD-2ACDFD072166}.Release|Any CPU.ActiveCfg = Release|Any CPU
		{96003473-C755-4248-AECD-2ACDFD072166}.Release|Any CPU.Build.0 = Release|Any CPU
		{42B7F085-4317-4FC0-BEDB-E4C5C7BB8E14}.Debug|Any CPU.ActiveCfg = Debug|Any CPU
		{42B7F085-4317-4FC0-BEDB-E4C5C7BB8E14}.Debug|Any CPU.Build.0 = Debug|Any CPU
		{42B7F085-4317-4FC0-BEDB-E4C5C7BB8E14}.Release|Any CPU.ActiveCfg = Release|Any CPU
		{42B7F085-4317-4FC0-BEDB-E4C5C7BB8E14}.Release|Any CPU.Build.0 = Release|Any CPU
		{E86D5AB1-A549-40A9-AA87-186953466635}.Debug|Any CPU.ActiveCfg = Debug|Any CPU
		{E86D5AB1-A549-40A9-AA87-186953466635}.Debug|Any CPU.Build.0 = Debug|Any CPU
		{E86D5AB1-A549-40A9-AA87-186953466635}.Release|Any CPU.ActiveCfg = Release|Any CPU
		{E86D5AB1-A549-40A9-AA87-186953466635}.Release|Any CPU.Build.0 = Release|Any CPU
	EndGlobalSection
	GlobalSection(SolutionProperties) = preSolution
		HideSolutionNode = FALSE
	EndGlobalSection
	GlobalSection(ExtensibilityGlobals) = postSolution
		SolutionGuid = {D778962C-27F1-49D2-861F-101462D7E03F}
	EndGlobalSection
EndGlobal
